# This file is autogenerated, do not edit; changes may be undone by the next 'dep ensure'.


[[projects]]
  name = "github.com/Syfaro/telegram-bot-api"
  packages = ["."]
  revision = "b6df6c273aa804a6c7dd2f719ac8be1a95ce2790"
  version = "v5.0.1"

[[projects]]
  branch = "CI-adding"
  name = "github.com/bmstu-iu8-g4-2020-project/todo_web_service"
  packages = ["src/models","src/services","src/telegram_bot/user","src/telegram_bot/utils"]
  revision = "77376d856245bb2633d62abf99ee59d167c05ae6"

[[projects]]
  name = "github.com/briandowns/openweathermap"
  packages = ["."]
  revision = "73cba80d1d677713b4a1089cb7fea0780008cb1a"
  version = "v0.16.0"

[[projects]]
  name = "github.com/technoweenie/multipartstreamer"
  packages = ["."]
  revision = "a90a01d73ae432e2611d178c18367fbaa13e0154"
  version = "v1.0.1"

[solve-meta]
  analyzer-name = "dep"
  analyzer-version = 1
  inputs-digest = "437fada3d324023debf4929dd4ceb1e59ada5feb3824063cc611ad07a80101b0"
  solver-name = "gps-cdcl"
  solver-version = 1
