# This file is autogenerated, do not edit; changes may be undone by the next 'dep ensure'.


[[projects]]
  digest = "1:08db83e83047e655dd5b3f3a4a17ee3043172bc2ba39c5b01b636038223986ec"
  name = "github.com/Syfaro/telegram-bot-api"
  packages = ["."]
  pruneopts = ""
  revision = "b6df6c273aa804a6c7dd2f719ac8be1a95ce2790"
  version = "v5.0.1"

[[projects]]
  digest = "1:d5da200a006a54b7e35a0726656ac01b7165cc6fc6bee0cb06f629055de79b55"
  name = "github.com/asaskevich/govalidator"
  packages = ["."]
  pruneopts = ""
  revision = "df4adffc9d8ccd584481b637c2a768565bf2c4f1"
  version = "v11"

[[projects]]
  branch = "CI-adding"
  digest = "1:bb2d96eb7338612bda52a3ddf927c56cb2982a41da3a8ef100dbe2c4c89dbad3"
  name = "github.com/bmstu-iu8-g4-2020-project/todo_web_service"
  packages = [
    "src/handlers",
    "src/models",
    "src/services",
    "src/telegram_bot/fast_task",
    "src/telegram_bot/schedule",
    "src/telegram_bot/user",
    "src/telegram_bot/utils",
    "src/telegram_bot/weather",
  ]
  pruneopts = ""
  revision = "24e00d9fe11b56653e86e46e587d296999b6b734"

[[projects]]
  digest = "1:e3cdbca2d3ad436c9954d1b907188c6f8fe1e402048329cd219e14d091498b00"
  name = "github.com/briandowns/openweathermap"
  packages = ["."]
  pruneopts = ""
  revision = "73cba80d1d677713b4a1089cb7fea0780008cb1a"
  version = "v0.16.0"

[[projects]]
  digest = "1:0deddd908b6b4b768cfc272c16ee61e7088a60f7fe2f06c547bd3d8e1f8b8e77"
  name = "github.com/davecgh/go-spew"
  packages = ["spew"]
  pruneopts = ""
  revision = "8991bc29aa16c548c550c7ff78260e27b9ab7c73"
  version = "v1.1.1"

[[projects]]
  digest = "1:eda43e0069a6e6b841ed5688112e875373e74087fe0d658d5380a5416ce4eec4"
  name = "github.com/go-ozzo/ozzo-validation"
  packages = [
    ".",
    "is",
  ]
  pruneopts = ""
  revision = "199b55b36bc1af151e6eea487cc92ffa5b460b81"
  version = "v3.6.0"

[[projects]]
  digest = "1:20e3b61797cba6a42b110320b703a0b86e2771f324411e75557c2acbc819b1b5"
  name = "github.com/gorilla/mux"
  packages = ["."]
  pruneopts = ""
  revision = "98cb6bf42e086f6af920b965c38cacc07402d51b"
  version = "v1.8.0"

[[projects]]
  digest = "1:cc0415346693a9e894cab2df67f982daf816f3f4f484af0195295101f3095d2b"
  name = "github.com/lib/pq"
  packages = [
    ".",
    "oid",
    "scram",
  ]
  pruneopts = ""
  revision = "e7751f584844fbf92a5a18b13a0af1c855e34460"
  version = "v1.8.0"

[[projects]]
  digest = "1:256484dbbcd271f9ecebc6795b2df8cad4c458dd0f5fd82a8c2fa0c29f233411"
  name = "github.com/pmezard/go-difflib"
  packages = ["difflib"]
  pruneopts = ""
  revision = "792786c7400a136282c1664665ae0a8db921c6c2"
  version = "v1.0.0"

[[projects]]
  digest = "1:83fd2513b9f6ae0997bf646db6b74e9e00131e31002116fda597175f25add42d"
  name = "github.com/stretchr/testify"
  packages = ["assert"]
  pruneopts = ""
  revision = "f654a9112bbeac49ca2cd45bfbe11533c4666cf8"
  version = "v1.6.1"

[[projects]]
  digest = "1:3bfdafac43ceb125f775eb79b8ee8f1e976e227464434ffad40f956ac029e760"
  name = "github.com/technoweenie/multipartstreamer"
  packages = ["."]
  pruneopts = ""
  revision = "a90a01d73ae432e2611d178c18367fbaa13e0154"
  version = "v1.0.1"

[[projects]]
  branch = "v3"
  digest = "1:2e9c4d6def1d36dcd17730e00c06b49a2e97ea5e1e639bcd24fa60fa43e33ad6"
  name = "gopkg.in/yaml.v3"
  packages = ["."]
  pruneopts = ""
  revision = "eeeca48fe7764f320e4870d231902bf9c1be2c08"

[solve-meta]
  analyzer-name = "dep"
  analyzer-version = 1
  input-imports = [
    "github.com/Syfaro/telegram-bot-api",
    "github.com/bmstu-iu8-g4-2020-project/todo_web_service/src/handlers",
    "github.com/bmstu-iu8-g4-2020-project/todo_web_service/src/models",
    "github.com/bmstu-iu8-g4-2020-project/todo_web_service/src/services",
    "github.com/bmstu-iu8-g4-2020-project/todo_web_service/src/telegram_bot/fast_task",
    "github.com/bmstu-iu8-g4-2020-project/todo_web_service/src/telegram_bot/schedule",
    "github.com/bmstu-iu8-g4-2020-project/todo_web_service/src/telegram_bot/user",
    "github.com/bmstu-iu8-g4-2020-project/todo_web_service/src/telegram_bot/utils",
    "github.com/bmstu-iu8-g4-2020-project/todo_web_service/src/telegram_bot/weather",
    "github.com/briandowns/openweathermap",
    "github.com/go-ozzo/ozzo-validation",
    "github.com/go-ozzo/ozzo-validation/is",
    "github.com/gorilla/mux",
    "github.com/lib/pq",
    "github.com/stretchr/testify/assert",
  ]
  solver-name = "gps-cdcl"
  solver-version = 1
