# This file is autogenerated, do not edit; changes may be undone by the next 'dep ensure'.


[[projects]]
  name = "github.com/Syfaro/telegram-bot-api"
  packages = ["."]
  revision = "b6df6c273aa804a6c7dd2f719ac8be1a95ce2790"
  version = "v5.0.1"

[[projects]]
  name = "github.com/asaskevich/govalidator"
  packages = ["."]
  revision = "df4adffc9d8ccd584481b637c2a768565bf2c4f1"
  version = "v11"

[[projects]]
  name = "github.com/briandowns/openweathermap"
  packages = ["."]
  revision = "73cba80d1d677713b4a1089cb7fea0780008cb1a"
  version = "v0.16.0"

[[projects]]
  name = "github.com/davecgh/go-spew"
  packages = ["spew"]
  revision = "8991bc29aa16c548c550c7ff78260e27b9ab7c73"
  version = "v1.1.1"

[[projects]]
  name = "github.com/go-ozzo/ozzo-validation"
  packages = [".","is"]
  revision = "199b55b36bc1af151e6eea487cc92ffa5b460b81"
  version = "v3.6.0"

[[projects]]
  name = "github.com/gorilla/mux"
  packages = ["."]
  revision = "98cb6bf42e086f6af920b965c38cacc07402d51b"
  version = "v1.8.0"

[[projects]]
  name = "github.com/lib/pq"
  packages = [".","oid","scram"]
  revision = "e7751f584844fbf92a5a18b13a0af1c855e34460"
  version = "v1.8.0"

[[projects]]
  name = "github.com/pmezard/go-difflib"
  packages = ["difflib"]
  revision = "792786c7400a136282c1664665ae0a8db921c6c2"
  version = "v1.0.0"

[[projects]]
  name = "github.com/stretchr/testify"
  packages = ["assert"]
  revision = "f654a9112bbeac49ca2cd45bfbe11533c4666cf8"
  version = "v1.6.1"

[[projects]]
  name = "github.com/technoweenie/multipartstreamer"
  packages = ["."]
  revision = "a90a01d73ae432e2611d178c18367fbaa13e0154"
  version = "v1.0.1"

[[projects]]
  branch = "v3"
  name = "gopkg.in/yaml.v3"
  packages = ["."]
  revision = "eeeca48fe7764f320e4870d231902bf9c1be2c08"

[solve-meta]
  analyzer-name = "dep"
  analyzer-version = 1
  inputs-digest = "5e1242c093080652c69285ef94a11a7a4b7651a6fca574432bcfa17762a20e06"
  solver-name = "gps-cdcl"
  solver-version = 1
